
Microsoft Visual Studio Solution File, Format Version 12.00
# Visual Studio Version 17
VisualStudioVersion = 17.5.33424.131
MinimumVisualStudioVersion = 10.0.40219.1
Project("{2150E333-8FDC-42A3-9474-1A3956D46DE8}") = "Solution Items", "Solution Items", "{40671765-6D6F-489C-A8C3-45094BB774F8}"
EndProject
Project("{2150E333-8FDC-42A3-9474-1A3956D46DE8}") = "ApiGateways", "ApiGateways", "{44110634-87B5-475B-8B98-76DA8F23365B}"
EndProject
Project("{2150E333-8FDC-42A3-9474-1A3956D46DE8}") = "Services", "Services", "{A8B34494-116E-4FE4-8C7B-B724CBA90673}"
EndProject
Project("{2150E333-8FDC-42A3-9474-1A3956D46DE8}") = "ApiGw-Base", "ApiGw-Base", "{B5B4C1F8-C0CE-44CE-B821-24D030227885}"
EndProject
Project("{9A19103F-16F7-4668-BE54-9A1E7A4F7556}") = "OcelotApiGw", "OcelotApiGw\OcelotApiGw.csproj", "{D6D422C3-86BD-4129-B191-62C448929190}"
EndProject
Project("{2150E333-8FDC-42A3-9474-1A3956D46DE8}") = "Product", "Product", "{7456A537-E8C9-411E-8DD7-3EBABEA8C6CD}"
EndProject
Project("{2150E333-8FDC-42A3-9474-1A3956D46DE8}") = "Order", "Order", "{CD290888-1846-4368-B7A8-9DADF17A97A4}"
EndProject
Project("{2150E333-8FDC-42A3-9474-1A3956D46DE8}") = "ClientApp", "ClientApp", "{9CEF1298-6BEE-45CC-9BB1-B32A092D3875}"
EndProject
Project("{2150E333-8FDC-42A3-9474-1A3956D46DE8}") = "Blazor", "Blazor", "{64805B5C-7161-43C8-8E80-71E8D77668E3}"
EndProject
Project("{2150E333-8FDC-42A3-9474-1A3956D46DE8}") = "React", "React", "{65A3C645-4E20-4DCB-9538-A969F075B6F6}"
EndProject
Project("{2150E333-8FDC-42A3-9474-1A3956D46DE8}") = "Angular", "Angular", "{5B73AE36-6A89-4AE2-98A9-50253F0518BB}"
EndProject
Project("{54A90642-561A-4BB1-A94E-469ADEE60C69}") = "microplate.react", "MicroPlate.React\microplate.react.esproj", "{21FC4C52-5DF9-4F40-A356-6E45A4157C29}"
EndProject
Project("{9A19103F-16F7-4668-BE54-9A1E7A4F7556}") = "MicroPlate.OrderApi", "MicroPlate.OrderApi\MicroPlate.OrderApi.csproj", "{3DE40508-B1F5-4525-8287-D9F65E0584A7}"
	ProjectSection(ProjectDependencies) = postProject
		{E81215AD-93FE-42F5-8C14-5E1C3F22182B} = {E81215AD-93FE-42F5-8C14-5E1C3F22182B}
	EndProjectSection
EndProject
Project("{9A19103F-16F7-4668-BE54-9A1E7A4F7556}") = "MicroPlate.Order.Application", "MicroPlate.Order.Application\MicroPlate.Order.Application.csproj", "{D4C32A8B-11A3-47BF-845C-A347E63F4C48}"
EndProject
Project("{9A19103F-16F7-4668-BE54-9A1E7A4F7556}") = "MicroPlate.Order.Domain", "MicroPlate.Order.Domain\MicroPlate.Order.Domain.csproj", "{EAFBECB8-1554-45DC-97CD-46800B426436}"
EndProject
Project("{9A19103F-16F7-4668-BE54-9A1E7A4F7556}") = "MicroPlate.Order.Infrastructure", "MicroPlate.Order.Infrastructure\MicroPlate.Order.Infrastructure.csproj", "{5BD164CA-5443-4A59-8D1E-AA622324803B}"
EndProject
Project("{9A19103F-16F7-4668-BE54-9A1E7A4F7556}") = "MicroPlate.Product.Application", "MicroPlate.Product.Application\MicroPlate.Product.Application.csproj", "{065EFB8C-3EBD-46B9-8976-C6B1D8CDE11D}"
EndProject
Project("{9A19103F-16F7-4668-BE54-9A1E7A4F7556}") = "MicroPlate.Product.Domain", "MicroPlate.Product.Domain\MicroPlate.Product.Domain.csproj", "{231B0BC4-EE8F-4C03-9526-F6731B74693C}"
EndProject
Project("{9A19103F-16F7-4668-BE54-9A1E7A4F7556}") = "MicroPlate.Product.Infrastructure", "MicroPlate.Product.Infrastructure\MicroPlate.Product.Infrastructure.csproj", "{6086220C-FDF4-4326-B057-E5BEE09AFC29}"
EndProject
Project("{9A19103F-16F7-4668-BE54-9A1E7A4F7556}") = "MicroPlate.ProductApi", "MicroPlate.ProductApi\MicroPlate.ProductApi.csproj", "{F4C024A4-9F67-4D42-BD8B-1E6F1C088FDD}"
EndProject
Project("{9A19103F-16F7-4668-BE54-9A1E7A4F7556}") = "MicroPlate.BlazorWebAssembly", "MicroPlate.BlazorWebAssembly\MicroPlate.BlazorWebAssembly.csproj", "{35A6A445-CFB9-47F3-B835-9C5E2586F54D}"
EndProject
Project("{2150E333-8FDC-42A3-9474-1A3956D46DE8}") = "Authentication", "Authentication", "{4B1C9244-7A43-42D9-BF73-92050647D121}"
EndProject
Project("{9A19103F-16F7-4668-BE54-9A1E7A4F7556}") = "MicroPlate.AuthenticationApi", "MicroPlate.AuthenticationApi\MicroPlate.AuthenticationApi.csproj", "{E12B8910-FF43-4672-AF5B-6AE227141C3E}"
EndProject
Project("{9A19103F-16F7-4668-BE54-9A1E7A4F7556}") = "MicroPlate.JwtAuthenticationManager", "MicroPlate.JwtAuthenticationManager\MicroPlate.JwtAuthenticationManager.csproj", "{E81215AD-93FE-42F5-8C14-5E1C3F22182B}"
EndProject
Global
	GlobalSection(SolutionConfigurationPlatforms) = preSolution
		Debug|Any CPU = Debug|Any CPU
		Release|Any CPU = Release|Any CPU
	EndGlobalSection
	GlobalSection(ProjectConfigurationPlatforms) = postSolution
		{D6D422C3-86BD-4129-B191-62C448929190}.Debug|Any CPU.ActiveCfg = Debug|Any CPU
		{D6D422C3-86BD-4129-B191-62C448929190}.Debug|Any CPU.Build.0 = Debug|Any CPU
		{D6D422C3-86BD-4129-B191-62C448929190}.Release|Any CPU.ActiveCfg = Release|Any CPU
		{D6D422C3-86BD-4129-B191-62C448929190}.Release|Any CPU.Build.0 = Release|Any CPU
		{21FC4C52-5DF9-4F40-A356-6E45A4157C29}.Debug|Any CPU.ActiveCfg = Debug|Any CPU
		{21FC4C52-5DF9-4F40-A356-6E45A4157C29}.Debug|Any CPU.Build.0 = Debug|Any CPU
		{21FC4C52-5DF9-4F40-A356-6E45A4157C29}.Debug|Any CPU.Deploy.0 = Debug|Any CPU
		{21FC4C52-5DF9-4F40-A356-6E45A4157C29}.Release|Any CPU.ActiveCfg = Release|Any CPU
		{21FC4C52-5DF9-4F40-A356-6E45A4157C29}.Release|Any CPU.Build.0 = Release|Any CPU
		{21FC4C52-5DF9-4F40-A356-6E45A4157C29}.Release|Any CPU.Deploy.0 = Release|Any CPU
		{3DE40508-B1F5-4525-8287-D9F65E0584A7}.Debug|Any CPU.ActiveCfg = Debug|Any CPU
		{3DE40508-B1F5-4525-8287-D9F65E0584A7}.Debug|Any CPU.Build.0 = Debug|Any CPU
		{3DE40508-B1F5-4525-8287-D9F65E0584A7}.Release|Any CPU.ActiveCfg = Release|Any CPU
		{3DE40508-B1F5-4525-8287-D9F65E0584A7}.Release|Any CPU.Build.0 = Release|Any CPU
		{D4C32A8B-11A3-47BF-845C-A347E63F4C48}.Debug|Any CPU.ActiveCfg = Debug|Any CPU
		{D4C32A8B-11A3-47BF-845C-A347E63F4C48}.Debug|Any CPU.Build.0 = Debug|Any CPU
		{D4C32A8B-11A3-47BF-845C-A347E63F4C48}.Release|Any CPU.ActiveCfg = Release|Any CPU
		{D4C32A8B-11A3-47BF-845C-A347E63F4C48}.Release|Any CPU.Build.0 = Release|Any CPU
		{EAFBECB8-1554-45DC-97CD-46800B426436}.Debug|Any CPU.ActiveCfg = Debug|Any CPU
		{EAFBECB8-1554-45DC-97CD-46800B426436}.Debug|Any CPU.Build.0 = Debug|Any CPU
		{EAFBECB8-1554-45DC-97CD-46800B426436}.Release|Any CPU.ActiveCfg = Release|Any CPU
		{EAFBECB8-1554-45DC-97CD-46800B426436}.Release|Any CPU.Build.0 = Release|Any CPU
		{5BD164CA-5443-4A59-8D1E-AA622324803B}.Debug|Any CPU.ActiveCfg = Debug|Any CPU
		{5BD164CA-5443-4A59-8D1E-AA622324803B}.Debug|Any CPU.Build.0 = Debug|Any CPU
		{5BD164CA-5443-4A59-8D1E-AA622324803B}.Release|Any CPU.ActiveCfg = Release|Any CPU
		{5BD164CA-5443-4A59-8D1E-AA622324803B}.Release|Any CPU.Build.0 = Release|Any CPU
		{065EFB8C-3EBD-46B9-8976-C6B1D8CDE11D}.Debug|Any CPU.ActiveCfg = Debug|Any CPU
		{065EFB8C-3EBD-46B9-8976-C6B1D8CDE11D}.Debug|Any CPU.Build.0 = Debug|Any CPU
		{065EFB8C-3EBD-46B9-8976-C6B1D8CDE11D}.Release|Any CPU.ActiveCfg = Release|Any CPU
		{065EFB8C-3EBD-46B9-8976-C6B1D8CDE11D}.Release|Any CPU.Build.0 = Release|Any CPU
		{231B0BC4-EE8F-4C03-9526-F6731B74693C}.Debug|Any CPU.ActiveCfg = Debug|Any CPU
		{231B0BC4-EE8F-4C03-9526-F6731B74693C}.Debug|Any CPU.Build.0 = Debug|Any CPU
		{231B0BC4-EE8F-4C03-9526-F6731B74693C}.Release|Any CPU.ActiveCfg = Release|Any CPU
		{231B0BC4-EE8F-4C03-9526-F6731B74693C}.Release|Any CPU.Build.0 = Release|Any CPU
		{6086220C-FDF4-4326-B057-E5BEE09AFC29}.Debug|Any CPU.ActiveCfg = Debug|Any CPU
		{6086220C-FDF4-4326-B057-E5BEE09AFC29}.Debug|Any CPU.Build.0 = Debug|Any CPU
		{6086220C-FDF4-4326-B057-E5BEE09AFC29}.Release|Any CPU.ActiveCfg = Release|Any CPU
		{6086220C-FDF4-4326-B057-E5BEE09AFC29}.Release|Any CPU.Build.0 = Release|Any CPU
		{F4C024A4-9F67-4D42-BD8B-1E6F1C088FDD}.Debug|Any CPU.ActiveCfg = Debug|Any CPU
		{F4C024A4-9F67-4D42-BD8B-1E6F1C088FDD}.Debug|Any CPU.Build.0 = Debug|Any CPU
		{F4C024A4-9F67-4D42-BD8B-1E6F1C088FDD}.Release|Any CPU.ActiveCfg = Release|Any CPU
		{F4C024A4-9F67-4D42-BD8B-1E6F1C088FDD}.Release|Any CPU.Build.0 = Release|Any CPU
		{35A6A445-CFB9-47F3-B835-9C5E2586F54D}.Debug|Any CPU.ActiveCfg = Debug|Any CPU
		{35A6A445-CFB9-47F3-B835-9C5E2586F54D}.Debug|Any CPU.Build.0 = Debug|Any CPU
		{35A6A445-CFB9-47F3-B835-9C5E2586F54D}.Release|Any CPU.ActiveCfg = Release|Any CPU
		{35A6A445-CFB9-47F3-B835-9C5E2586F54D}.Release|Any CPU.Build.0 = Release|Any CPU
		{E12B8910-FF43-4672-AF5B-6AE227141C3E}.Debug|Any CPU.ActiveCfg = Debug|Any CPU
		{E12B8910-FF43-4672-AF5B-6AE227141C3E}.Debug|Any CPU.Build.0 = Debug|Any CPU
		{E12B8910-FF43-4672-AF5B-6AE227141C3E}.Release|Any CPU.ActiveCfg = Release|Any CPU
		{E12B8910-FF43-4672-AF5B-6AE227141C3E}.Release|Any CPU.Build.0 = Release|Any CPU
		{E81215AD-93FE-42F5-8C14-5E1C3F22182B}.Debug|Any CPU.ActiveCfg = Debug|Any CPU
		{E81215AD-93FE-42F5-8C14-5E1C3F22182B}.Debug|Any CPU.Build.0 = Debug|Any CPU
		{E81215AD-93FE-42F5-8C14-5E1C3F22182B}.Release|Any CPU.ActiveCfg = Release|Any CPU
		{E81215AD-93FE-42F5-8C14-5E1C3F22182B}.Release|Any CPU.Build.0 = Release|Any CPU
	EndGlobalSection
	GlobalSection(SolutionProperties) = preSolution
		HideSolutionNode = FALSE
	EndGlobalSection
	GlobalSection(NestedProjects) = preSolution
		{B5B4C1F8-C0CE-44CE-B821-24D030227885} = {44110634-87B5-475B-8B98-76DA8F23365B}
		{D6D422C3-86BD-4129-B191-62C448929190} = {B5B4C1F8-C0CE-44CE-B821-24D030227885}
		{7456A537-E8C9-411E-8DD7-3EBABEA8C6CD} = {A8B34494-116E-4FE4-8C7B-B724CBA90673}
		{CD290888-1846-4368-B7A8-9DADF17A97A4} = {A8B34494-116E-4FE4-8C7B-B724CBA90673}
		{64805B5C-7161-43C8-8E80-71E8D77668E3} = {9CEF1298-6BEE-45CC-9BB1-B32A092D3875}
		{65A3C645-4E20-4DCB-9538-A969F075B6F6} = {9CEF1298-6BEE-45CC-9BB1-B32A092D3875}
		{5B73AE36-6A89-4AE2-98A9-50253F0518BB} = {9CEF1298-6BEE-45CC-9BB1-B32A092D3875}
		{21FC4C52-5DF9-4F40-A356-6E45A4157C29} = {65A3C645-4E20-4DCB-9538-A969F075B6F6}
		{3DE40508-B1F5-4525-8287-D9F65E0584A7} = {CD290888-1846-4368-B7A8-9DADF17A97A4}
		{D4C32A8B-11A3-47BF-845C-A347E63F4C48} = {CD290888-1846-4368-B7A8-9DADF17A97A4}
		{EAFBECB8-1554-45DC-97CD-46800B426436} = {CD290888-1846-4368-B7A8-9DADF17A97A4}
		{5BD164CA-5443-4A59-8D1E-AA622324803B} = {CD290888-1846-4368-B7A8-9DADF17A97A4}
		{065EFB8C-3EBD-46B9-8976-C6B1D8CDE11D} = {7456A537-E8C9-411E-8DD7-3EBABEA8C6CD}
		{231B0BC4-EE8F-4C03-9526-F6731B74693C} = {7456A537-E8C9-411E-8DD7-3EBABEA8C6CD}
		{6086220C-FDF4-4326-B057-E5BEE09AFC29} = {7456A537-E8C9-411E-8DD7-3EBABEA8C6CD}
		{F4C024A4-9F67-4D42-BD8B-1E6F1C088FDD} = {7456A537-E8C9-411E-8DD7-3EBABEA8C6CD}
		{35A6A445-CFB9-47F3-B835-9C5E2586F54D} = {64805B5C-7161-43C8-8E80-71E8D77668E3}
		{4B1C9244-7A43-42D9-BF73-92050647D121} = {A8B34494-116E-4FE4-8C7B-B724CBA90673}
		{E12B8910-FF43-4672-AF5B-6AE227141C3E} = {4B1C9244-7A43-42D9-BF73-92050647D121}
		{E81215AD-93FE-42F5-8C14-5E1C3F22182B} = {4B1C9244-7A43-42D9-BF73-92050647D121}
	EndGlobalSection
	GlobalSection(ExtensibilityGlobals) = postSolution
		SolutionGuid = {DEFA11B4-52F1-418C-A117-4F396D63B4C1}
	EndGlobalSection
EndGlobal
